
Microsoft Visual Studio Solution File, Format Version 12.00
# Visual Studio 15
VisualStudioVersion = 15.0.27703.2047
MinimumVisualStudioVersion = 10.0.40219.1
Project("{FAE04EC0-301F-11D3-BF4B-00C04F79EFBC}") = "BugetApp", "BugetApp\BugetApp.csproj", "{F065D287-B21A-4681-A1B6-C16F06D274AD}"
EndProject
Global
	GlobalSection(SolutionConfigurationPlatforms) = preSolution
		Debug|Any CPU = Debug|Any CPU
		Release|Any CPU = Release|Any CPU
	EndGlobalSection
	GlobalSection(ProjectConfigurationPlatforms) = postSolution
		{F065D287-B21A-4681-A1B6-C16F06D274AD}.Debug|Any CPU.ActiveCfg = Debug|Any CPU
		{F065D287-B21A-4681-A1B6-C16F06D274AD}.Debug|Any CPU.Build.0 = Debug|Any CPU
		{F065D287-B21A-4681-A1B6-C16F06D274AD}.Release|Any CPU.ActiveCfg = Release|Any CPU
		{F065D287-B21A-4681-A1B6-C16F06D274AD}.Release|Any CPU.Build.0 = Release|Any CPU
	EndGlobalSection
	GlobalSection(SolutionProperties) = preSolution
		HideSolutionNode = FALSE
	EndGlobalSection
	GlobalSection(ExtensibilityGlobals) = postSolution
		SolutionGuid = {5CA6C85B-4135-463C-9D9C-39FDA397BF0D}
	EndGlobalSection
EndGlobal
